
Microsoft Visual Studio Solution File, Format Version 12.00
# Visual Studio Version 16
VisualStudioVersion = 16.0.32106.194
MinimumVisualStudioVersion = 10.0.40219.1
Project("{9A19103F-16F7-4668-BE54-9A1E7A4F7556}") = "Lab4-Hans-Sempe-1083920", "Lab4-Hans-Sempe-1083920\Lab4-Hans-Sempe-1083920.csproj", "{9743D600-0DE2-454C-9DAB-9F6DF7465C19}"
EndProject
Project("{9A19103F-16F7-4668-BE54-9A1E7A4F7556}") = "HEAP", "HEAP\HEAP\HEAP.csproj", "{B0CDA3F1-78D5-4E92-A2BA-8C2630540B09}"
EndProject
Global
	GlobalSection(SolutionConfigurationPlatforms) = preSolution
		Debug|Any CPU = Debug|Any CPU
		Release|Any CPU = Release|Any CPU
	EndGlobalSection
	GlobalSection(ProjectConfigurationPlatforms) = postSolution
		{9743D600-0DE2-454C-9DAB-9F6DF7465C19}.Debug|Any CPU.ActiveCfg = Debug|Any CPU
		{9743D600-0DE2-454C-9DAB-9F6DF7465C19}.Debug|Any CPU.Build.0 = Debug|Any CPU
		{9743D600-0DE2-454C-9DAB-9F6DF7465C19}.Release|Any CPU.ActiveCfg = Release|Any CPU
		{9743D600-0DE2-454C-9DAB-9F6DF7465C19}.Release|Any CPU.Build.0 = Release|Any CPU
		{B0CDA3F1-78D5-4E92-A2BA-8C2630540B09}.Debug|Any CPU.ActiveCfg = Debug|Any CPU
		{B0CDA3F1-78D5-4E92-A2BA-8C2630540B09}.Debug|Any CPU.Build.0 = Debug|Any CPU
		{B0CDA3F1-78D5-4E92-A2BA-8C2630540B09}.Release|Any CPU.ActiveCfg = Release|Any CPU
		{B0CDA3F1-78D5-4E92-A2BA-8C2630540B09}.Release|Any CPU.Build.0 = Release|Any CPU
	EndGlobalSection
	GlobalSection(SolutionProperties) = preSolution
		HideSolutionNode = FALSE
	EndGlobalSection
	GlobalSection(ExtensibilityGlobals) = postSolution
		SolutionGuid = {6829B0AC-7A7A-45DB-8C9C-8FF72BC815DD}
	EndGlobalSection
EndGlobal
